
Microsoft Visual Studio Solution File, Format Version 12.00
# Visual Studio Version 17
VisualStudioVersion = 17.4.33213.308
MinimumVisualStudioVersion = 10.0.40219.1
Project("{FAE04EC0-301F-11D3-BF4B-00C04F79EFBC}") = "Project3", "Project3.csproj", "{89B8C370-E6DD-44A0-B641-F420BCA685B1}"
EndProject
Global
	GlobalSection(SolutionConfigurationPlatforms) = preSolution
		Debug|Any CPU = Debug|Any CPU
		Release|Any CPU = Release|Any CPU
	EndGlobalSection
	GlobalSection(ProjectConfigurationPlatforms) = postSolution
		{89B8C370-E6DD-44A0-B641-F420BCA685B1}.Debug|Any CPU.ActiveCfg = Debug|Any CPU
		{89B8C370-E6DD-44A0-B641-F420BCA685B1}.Debug|Any CPU.Build.0 = Debug|Any CPU
		{89B8C370-E6DD-44A0-B641-F420BCA685B1}.Release|Any CPU.ActiveCfg = Release|Any CPU
		{89B8C370-E6DD-44A0-B641-F420BCA685B1}.Release|Any CPU.Build.0 = Release|Any CPU
	EndGlobalSection
	GlobalSection(SolutionProperties) = preSolution
		HideSolutionNode = FALSE
	EndGlobalSection
	GlobalSection(ExtensibilityGlobals) = postSolution
		SolutionGuid = {0A7A6496-BF81-4BCE-B5C6-C903412C3B0C}
	EndGlobalSection
EndGlobal
